// !$*UTF8*$!
{
	archiveVersion = 1;
	classes = {
	};
	objectVersion = 55;
	objects = {

/* Begin PBXBuildFile section */
		7A0C4BBD2804218E00F4EC69 /* JSON.swift in Sources */ = {isa = PBXBuildFile; fileRef = 7A0C4BBC2804218E00F4EC69 /* JSON.swift */; };
		7A0C4BBF280423B500F4EC69 /* Content-ViewModel.swift in Sources */ = {isa = PBXBuildFile; fileRef = 7A0C4BBE280423B500F4EC69 /* Content-ViewModel.swift */; };
		7A0C4BC1280429AC00F4EC69 /* ItemView.swift in Sources */ = {isa = PBXBuildFile; fileRef = 7A0C4BC0280429AC00F4EC69 /* ItemView.swift */; };
		7A0C4BC728042A1F00F4EC69 /* Search.json in Resources */ = {isa = PBXBuildFile; fileRef = 7A0C4BC628042A1F00F4EC69 /* Search.json */; };
		7A0C4BC92804321400F4EC69 /* DateFormatter.swift in Sources */ = {isa = PBXBuildFile; fileRef = 7A0C4BC82804321400F4EC69 /* DateFormatter.swift */; };
		7A724655280413A80043BF6C /* iArtistSearchApp.swift in Sources */ = {isa = PBXBuildFile; fileRef = 7A724654280413A80043BF6C /* iArtistSearchApp.swift */; };
		7A724657280413A80043BF6C /* ContentView.swift in Sources */ = {isa = PBXBuildFile; fileRef = 7A724656280413A80043BF6C /* ContentView.swift */; };
		7A724659280413AA0043BF6C /* Assets.xcassets in Resources */ = {isa = PBXBuildFile; fileRef = 7A724658280413AA0043BF6C /* Assets.xcassets */; };
		7A72465C280413AA0043BF6C /* Preview Assets.xcassets in Resources */ = {isa = PBXBuildFile; fileRef = 7A72465B280413AA0043BF6C /* Preview Assets.xcassets */; };
		7A724663280413C60043BF6C /* ItunesResult.swift in Sources */ = {isa = PBXBuildFile; fileRef = 7A724662280413C60043BF6C /* ItunesResult.swift */; };
		7AAF9C4B28043A4C000F5C5B /* DescriptionView.swift in Sources */ = {isa = PBXBuildFile; fileRef = 7AAF9C4A28043A4C000F5C5B /* DescriptionView.swift */; };
		7ACF9F2F2806AE3F001724D6 /* ProjectTests.swift in Sources */ = {isa = PBXBuildFile; fileRef = 7ACF9F2E2806AE3F001724D6 /* ProjectTests.swift */; };
		7ACF9F352806AE54001724D6 /* DateFormatter.swift in Sources */ = {isa = PBXBuildFile; fileRef = 7A0C4BC82804321400F4EC69 /* DateFormatter.swift */; };
		7AD5BFC728046F280076512A /* SearchBarView.swift in Sources */ = {isa = PBXBuildFile; fileRef = 7AD5BFC628046F280076512A /* SearchBarView.swift */; };
/* End PBXBuildFile section */

/* Begin PBXContainerItemProxy section */
		7ACF9F302806AE3F001724D6 /* PBXContainerItemProxy */ = {
			isa = PBXContainerItemProxy;
			containerPortal = 7A724649280413A80043BF6C /* Project object */;
			proxyType = 1;
			remoteGlobalIDString = 7A724650280413A80043BF6C;
			remoteInfo = iArtistSearch;
		};
/* End PBXContainerItemProxy section */

/* Begin PBXFileReference section */
		7A0C4BBC2804218E00F4EC69 /* JSON.swift */ = {isa = PBXFileReference; lastKnownFileType = sourcecode.swift; path = JSON.swift; sourceTree = "<group>"; };
		7A0C4BBE280423B500F4EC69 /* Content-ViewModel.swift */ = {isa = PBXFileReference; lastKnownFileType = sourcecode.swift; path = "Content-ViewModel.swift"; sourceTree = "<group>"; };
		7A0C4BC0280429AC00F4EC69 /* ItemView.swift */ = {isa = PBXFileReference; lastKnownFileType = sourcecode.swift; path = ItemView.swift; sourceTree = "<group>"; };
		7A0C4BC628042A1F00F4EC69 /* Search.json */ = {isa = PBXFileReference; lastKnownFileType = text.json; path = Search.json; sourceTree = "<group>"; };
		7A0C4BC82804321400F4EC69 /* DateFormatter.swift */ = {isa = PBXFileReference; lastKnownFileType = sourcecode.swift; path = DateFormatter.swift; sourceTree = "<group>"; };
		7A724651280413A80043BF6C /* iArtistSearch.app */ = {isa = PBXFileReference; explicitFileType = wrapper.application; includeInIndex = 0; path = iArtistSearch.app; sourceTree = BUILT_PRODUCTS_DIR; };
		7A724654280413A80043BF6C /* iArtistSearchApp.swift */ = {isa = PBXFileReference; lastKnownFileType = sourcecode.swift; path = iArtistSearchApp.swift; sourceTree = "<group>"; };
		7A724656280413A80043BF6C /* ContentView.swift */ = {isa = PBXFileReference; lastKnownFileType = sourcecode.swift; path = ContentView.swift; sourceTree = "<group>"; };
		7A724658280413AA0043BF6C /* Assets.xcassets */ = {isa = PBXFileReference; lastKnownFileType = folder.assetcatalog; path = Assets.xcassets; sourceTree = "<group>"; };
		7A72465B280413AA0043BF6C /* Preview Assets.xcassets */ = {isa = PBXFileReference; lastKnownFileType = folder.assetcatalog; path = "Preview Assets.xcassets"; sourceTree = "<group>"; };
		7A724662280413C60043BF6C /* ItunesResult.swift */ = {isa = PBXFileReference; lastKnownFileType = sourcecode.swift; path = ItunesResult.swift; sourceTree = "<group>"; };
		7AAF9C4A28043A4C000F5C5B /* DescriptionView.swift */ = {isa = PBXFileReference; lastKnownFileType = sourcecode.swift; path = DescriptionView.swift; sourceTree = "<group>"; };
		7ACF9F2C2806AE3F001724D6 /* ProjectTests.xctest */ = {isa = PBXFileReference; explicitFileType = wrapper.cfbundle; includeInIndex = 0; path = ProjectTests.xctest; sourceTree = BUILT_PRODUCTS_DIR; };
		7ACF9F2E2806AE3F001724D6 /* ProjectTests.swift */ = {isa = PBXFileReference; lastKnownFileType = sourcecode.swift; path = ProjectTests.swift; sourceTree = "<group>"; };
		7AD5BFC628046F280076512A /* SearchBarView.swift */ = {isa = PBXFileReference; lastKnownFileType = sourcecode.swift; path = SearchBarView.swift; sourceTree = "<group>"; };
/* End PBXFileReference section */

/* Begin PBXFrameworksBuildPhase section */
		7A72464E280413A80043BF6C /* Frameworks */ = {
			isa = PBXFrameworksBuildPhase;
			buildActionMask = 2147483647;
			files = (
			);
			runOnlyForDeploymentPostprocessing = 0;
		};
		7ACF9F292806AE3F001724D6 /* Frameworks */ = {
			isa = PBXFrameworksBuildPhase;
			buildActionMask = 2147483647;
			files = (
			);
			runOnlyForDeploymentPostprocessing = 0;
		};
/* End PBXFrameworksBuildPhase section */

/* Begin PBXGroup section */
		7A0C4BBB2804217500F4EC69 /* Utils */ = {
			isa = PBXGroup;
			children = (
				7A0C4BBC2804218E00F4EC69 /* JSON.swift */,
				7A0C4BC82804321400F4EC69 /* DateFormatter.swift */,
			);
			path = Utils;
			sourceTree = "<group>";
		};
		7A724648280413A70043BF6C = {
			isa = PBXGroup;
			children = (
				7A724653280413A80043BF6C /* iArtistSearch */,
				7ACF9F2D2806AE3F001724D6 /* ProjectTests */,
				7A724652280413A80043BF6C /* Products */,
			);
			sourceTree = "<group>";
		};
		7A724652280413A80043BF6C /* Products */ = {
			isa = PBXGroup;
			children = (
				7A724651280413A80043BF6C /* iArtistSearch.app */,
				7ACF9F2C2806AE3F001724D6 /* ProjectTests.xctest */,
			);
			name = Products;
			sourceTree = "<group>";
		};
		7A724653280413A80043BF6C /* iArtistSearch */ = {
			isa = PBXGroup;
			children = (
				7A724654280413A80043BF6C /* iArtistSearchApp.swift */,
				7A0C4BBB2804217500F4EC69 /* Utils */,
				7A724667280414260043BF6C /* Views */,
				7A7246652804140D0043BF6C /* ViewModels */,
				7A7246642804140B0043BF6C /* Models */,
				7A724658280413AA0043BF6C /* Assets.xcassets */,
				7A72465A280413AA0043BF6C /* Preview Content */,
			);
			path = iArtistSearch;
			sourceTree = "<group>";
		};
		7A72465A280413AA0043BF6C /* Preview Content */ = {
			isa = PBXGroup;
			children = (
				7A0C4BC628042A1F00F4EC69 /* Search.json */,
				7A72465B280413AA0043BF6C /* Preview Assets.xcassets */,
			);
			path = "Preview Content";
			sourceTree = "<group>";
		};
		7A7246642804140B0043BF6C /* Models */ = {
			isa = PBXGroup;
			children = (
				7A724662280413C60043BF6C /* ItunesResult.swift */,
			);
			path = Models;
			sourceTree = "<group>";
		};
		7A7246652804140D0043BF6C /* ViewModels */ = {
			isa = PBXGroup;
			children = (
				7A0C4BBE280423B500F4EC69 /* Content-ViewModel.swift */,
			);
			path = ViewModels;
			sourceTree = "<group>";
		};
		7A724667280414260043BF6C /* Views */ = {
			isa = PBXGroup;
			children = (
				7A724656280413A80043BF6C /* ContentView.swift */,
				7AAF9C4A28043A4C000F5C5B /* DescriptionView.swift */,
				7A0C4BC0280429AC00F4EC69 /* ItemView.swift */,
				7AD5BFC628046F280076512A /* SearchBarView.swift */,
			);
			path = Views;
			sourceTree = "<group>";
		};
		7ACF9F2D2806AE3F001724D6 /* ProjectTests */ = {
			isa = PBXGroup;
			children = (
				7ACF9F2E2806AE3F001724D6 /* ProjectTests.swift */,
			);
			path = ProjectTests;
			sourceTree = "<group>";
		};
/* End PBXGroup section */

/* Begin PBXNativeTarget section */
		7A724650280413A80043BF6C /* iArtistSearch */ = {
			isa = PBXNativeTarget;
			buildConfigurationList = 7A72465F280413AA0043BF6C /* Build configuration list for PBXNativeTarget "iArtistSearch" */;
			buildPhases = (
				7A72464D280413A80043BF6C /* Sources */,
				7A72464E280413A80043BF6C /* Frameworks */,
				7A72464F280413A80043BF6C /* Resources */,
			);
			buildRules = (
			);
			dependencies = (
			);
			name = iArtistSearch;
			productName = iArtistSearch;
			productReference = 7A724651280413A80043BF6C /* iArtistSearch.app */;
			productType = "com.apple.product-type.application";
		};
		7ACF9F2B2806AE3F001724D6 /* ProjectTests */ = {
			isa = PBXNativeTarget;
			buildConfigurationList = 7ACF9F342806AE3F001724D6 /* Build configuration list for PBXNativeTarget "ProjectTests" */;
			buildPhases = (
				7ACF9F282806AE3F001724D6 /* Sources */,
				7ACF9F292806AE3F001724D6 /* Frameworks */,
				7ACF9F2A2806AE3F001724D6 /* Resources */,
			);
			buildRules = (
			);
			dependencies = (
				7ACF9F312806AE3F001724D6 /* PBXTargetDependency */,
			);
			name = ProjectTests;
			productName = ProjectTests;
			productReference = 7ACF9F2C2806AE3F001724D6 /* ProjectTests.xctest */;
			productType = "com.apple.product-type.bundle.unit-test";
		};
/* End PBXNativeTarget section */

/* Begin PBXProject section */
		7A724649280413A80043BF6C /* Project object */ = {
			isa = PBXProject;
			attributes = {
				BuildIndependentTargetsInParallel = 1;
				LastSwiftUpdateCheck = 1330;
				LastUpgradeCheck = 1330;
				TargetAttributes = {
					7A724650280413A80043BF6C = {
						CreatedOnToolsVersion = 13.3;
					};
					7ACF9F2B2806AE3F001724D6 = {
						CreatedOnToolsVersion = 13.3;
						TestTargetID = 7A724650280413A80043BF6C;
					};
				};
			};
			buildConfigurationList = 7A72464C280413A80043BF6C /* Build configuration list for PBXProject "iArtistSearch" */;
			compatibilityVersion = "Xcode 13.0";
			developmentRegion = en;
			hasScannedForEncodings = 0;
			knownRegions = (
				en,
				Base,
			);
			mainGroup = 7A724648280413A70043BF6C;
			productRefGroup = 7A724652280413A80043BF6C /* Products */;
			projectDirPath = "";
			projectRoot = "";
			targets = (
				7A724650280413A80043BF6C /* iArtistSearch */,
				7ACF9F2B2806AE3F001724D6 /* ProjectTests */,
			);
		};
/* End PBXProject section */

/* Begin PBXResourcesBuildPhase section */
		7A72464F280413A80043BF6C /* Resources */ = {
			isa = PBXResourcesBuildPhase;
			buildActionMask = 2147483647;
			files = (
				7A72465C280413AA0043BF6C /* Preview Assets.xcassets in Resources */,
				7A724659280413AA0043BF6C /* Assets.xcassets in Resources */,
				7A0C4BC728042A1F00F4EC69 /* Search.json in Resources */,
			);
			runOnlyForDeploymentPostprocessing = 0;
		};
		7ACF9F2A2806AE3F001724D6 /* Resources */ = {
			isa = PBXResourcesBuildPhase;
			buildActionMask = 2147483647;
			files = (
			);
			runOnlyForDeploymentPostprocessing = 0;
		};
/* End PBXResourcesBuildPhase section */

/* Begin PBXSourcesBuildPhase section */
		7A72464D280413A80043BF6C /* Sources */ = {
			isa = PBXSourcesBuildPhase;
			buildActionMask = 2147483647;
			files = (
				7A724657280413A80043BF6C /* ContentView.swift in Sources */,
				7AD5BFC728046F280076512A /* SearchBarView.swift in Sources */,
				7A0C4BC1280429AC00F4EC69 /* ItemView.swift in Sources */,
				7A0C4BBD2804218E00F4EC69 /* JSON.swift in Sources */,
				7A0C4BC92804321400F4EC69 /* DateFormatter.swift in Sources */,
				7A0C4BBF280423B500F4EC69 /* Content-ViewModel.swift in Sources */,
				7A724663280413C60043BF6C /* ItunesResult.swift in Sources */,
				7A724655280413A80043BF6C /* iArtistSearchApp.swift in Sources */,
				7AAF9C4B28043A4C000F5C5B /* DescriptionView.swift in Sources */,
			);
			runOnlyForDeploymentPostprocessing = 0;
		};
		7ACF9F282806AE3F001724D6 /* Sources */ = {
			isa = PBXSourcesBuildPhase;
			buildActionMask = 2147483647;
			files = (
				7ACF9F352806AE54001724D6 /* DateFormatter.swift in Sources */,
				7ACF9F2F2806AE3F001724D6 /* ProjectTests.swift in Sources */,
			);
			runOnlyForDeploymentPostprocessing = 0;
		};
/* End PBXSourcesBuildPhase section */

/* Begin PBXTargetDependency section */
		7ACF9F312806AE3F001724D6 /* PBXTargetDependency */ = {
			isa = PBXTargetDependency;
			target = 7A724650280413A80043BF6C /* iArtistSearch */;
			targetProxy = 7ACF9F302806AE3F001724D6 /* PBXContainerItemProxy */;
		};
/* End PBXTargetDependency section */

/* Begin XCBuildConfiguration section */
		7A72465D280413AA0043BF6C /* Debug */ = {
			isa = XCBuildConfiguration;
			buildSettings = {
				ALWAYS_SEARCH_USER_PATHS = NO;
				CLANG_ANALYZER_NONNULL = YES;
				CLANG_ANALYZER_NUMBER_OBJECT_CONVERSION = YES_AGGRESSIVE;
				CLANG_CXX_LANGUAGE_STANDARD = "gnu++17";
				CLANG_ENABLE_MODULES = YES;
				CLANG_ENABLE_OBJC_ARC = YES;
				CLANG_ENABLE_OBJC_WEAK = YES;
				CLANG_WARN_BLOCK_CAPTURE_AUTORELEASING = YES;
				CLANG_WARN_BOOL_CONVERSION = YES;
				CLANG_WARN_COMMA = YES;
				CLANG_WARN_CONSTANT_CONVERSION = YES;
				CLANG_WARN_DEPRECATED_OBJC_IMPLEMENTATIONS = YES;
				CLANG_WARN_DIRECT_OBJC_ISA_USAGE = YES_ERROR;
				CLANG_WARN_DOCUMENTATION_COMMENTS = YES;
				CLANG_WARN_EMPTY_BODY = YES;
				CLANG_WARN_ENUM_CONVERSION = YES;
				CLANG_WARN_INFINITE_RECURSION = YES;
				CLANG_WARN_INT_CONVERSION = YES;
				CLANG_WARN_NON_LITERAL_NULL_CONVERSION = YES;
				CLANG_WARN_OBJC_IMPLICIT_RETAIN_SELF = YES;
				CLANG_WARN_OBJC_LITERAL_CONVERSION = YES;
				CLANG_WARN_OBJC_ROOT_CLASS = YES_ERROR;
				CLANG_WARN_QUOTED_INCLUDE_IN_FRAMEWORK_HEADER = YES;
				CLANG_WARN_RANGE_LOOP_ANALYSIS = YES;
				CLANG_WARN_STRICT_PROTOTYPES = YES;
				CLANG_WARN_SUSPICIOUS_MOVE = YES;
				CLANG_WARN_UNGUARDED_AVAILABILITY = YES_AGGRESSIVE;
				CLANG_WARN_UNREACHABLE_CODE = YES;
				CLANG_WARN__DUPLICATE_METHOD_MATCH = YES;
				COPY_PHASE_STRIP = NO;
				DEBUG_INFORMATION_FORMAT = dwarf;
				ENABLE_STRICT_OBJC_MSGSEND = YES;
				ENABLE_TESTABILITY = YES;
				GCC_C_LANGUAGE_STANDARD = gnu11;
				GCC_DYNAMIC_NO_PIC = NO;
				GCC_NO_COMMON_BLOCKS = YES;
				GCC_OPTIMIZATION_LEVEL = 0;
				GCC_PREPROCESSOR_DEFINITIONS = (
					"DEBUG=1",
					"$(inherited)",
				);
				GCC_WARN_64_TO_32_BIT_CONVERSION = YES;
				GCC_WARN_ABOUT_RETURN_TYPE = YES_ERROR;
				GCC_WARN_UNDECLARED_SELECTOR = YES;
				GCC_WARN_UNINITIALIZED_AUTOS = YES_AGGRESSIVE;
				GCC_WARN_UNUSED_FUNCTION = YES;
				GCC_WARN_UNUSED_VARIABLE = YES;
				IPHONEOS_DEPLOYMENT_TARGET = 15.4;
				MTL_ENABLE_DEBUG_INFO = INCLUDE_SOURCE;
				MTL_FAST_MATH = YES;
				ONLY_ACTIVE_ARCH = YES;
				SDKROOT = iphoneos;
				SWIFT_ACTIVE_COMPILATION_CONDITIONS = DEBUG;
				SWIFT_OPTIMIZATION_LEVEL = "-Onone";
			};
			name = Debug;
		};
		7A72465E280413AA0043BF6C /* Release */ = {
			isa = XCBuildConfiguration;
			buildSettings = {
				ALWAYS_SEARCH_USER_PATHS = NO;
				CLANG_ANALYZER_NONNULL = YES;
				CLANG_ANALYZER_NUMBER_OBJECT_CONVERSION = YES_AGGRESSIVE;
				CLANG_CXX_LANGUAGE_STANDARD = "gnu++17";
				CLANG_ENABLE_MODULES = YES;
				CLANG_ENABLE_OBJC_ARC = YES;
				CLANG_ENABLE_OBJC_WEAK = YES;
				CLANG_WARN_BLOCK_CAPTURE_AUTORELEASING = YES;
				CLANG_WARN_BOOL_CONVERSION = YES;
				CLANG_WARN_COMMA = YES;
				CLANG_WARN_CONSTANT_CONVERSION = YES;
				CLANG_WARN_DEPRECATED_OBJC_IMPLEMENTATIONS = YES;
				CLANG_WARN_DIRECT_OBJC_ISA_USAGE = YES_ERROR;
				CLANG_WARN_DOCUMENTATION_COMMENTS = YES;
				CLANG_WARN_EMPTY_BODY = YES;
				CLANG_WARN_ENUM_CONVERSION = YES;
				CLANG_WARN_INFINITE_RECURSION = YES;
				CLANG_WARN_INT_CONVERSION = YES;
				CLANG_WARN_NON_LITERAL_NULL_CONVERSION = YES;
				CLANG_WARN_OBJC_IMPLICIT_RETAIN_SELF = YES;
				CLANG_WARN_OBJC_LITERAL_CONVERSION = YES;
				CLANG_WARN_OBJC_ROOT_CLASS = YES_ERROR;
				CLANG_WARN_QUOTED_INCLUDE_IN_FRAMEWORK_HEADER = YES;
				CLANG_WARN_RANGE_LOOP_ANALYSIS = YES;
				CLANG_WARN_STRICT_PROTOTYPES = YES;
				CLANG_WARN_SUSPICIOUS_MOVE = YES;
				CLANG_WARN_UNGUARDED_AVAILABILITY = YES_AGGRESSIVE;
				CLANG_WARN_UNREACHABLE_CODE = YES;
				CLANG_WARN__DUPLICATE_METHOD_MATCH = YES;
				COPY_PHASE_STRIP = NO;
				DEBUG_INFORMATION_FORMAT = "dwarf-with-dsym";
				ENABLE_NS_ASSERTIONS = NO;
				ENABLE_STRICT_OBJC_MSGSEND = YES;
				GCC_C_LANGUAGE_STANDARD = gnu11;
				GCC_NO_COMMON_BLOCKS = YES;
				GCC_WARN_64_TO_32_BIT_CONVERSION = YES;
				GCC_WARN_ABOUT_RETURN_TYPE = YES_ERROR;
				GCC_WARN_UNDECLARED_SELECTOR = YES;
				GCC_WARN_UNINITIALIZED_AUTOS = YES_AGGRESSIVE;
				GCC_WARN_UNUSED_FUNCTION = YES;
				GCC_WARN_UNUSED_VARIABLE = YES;
				IPHONEOS_DEPLOYMENT_TARGET = 15.4;
				MTL_ENABLE_DEBUG_INFO = NO;
				MTL_FAST_MATH = YES;
				SDKROOT = iphoneos;
				SWIFT_COMPILATION_MODE = wholemodule;
				SWIFT_OPTIMIZATION_LEVEL = "-O";
				VALIDATE_PRODUCT = YES;
			};
			name = Release;
		};
		7A724660280413AA0043BF6C /* Debug */ = {
			isa = XCBuildConfiguration;
			buildSettings = {
				ASSETCATALOG_COMPILER_APPICON_NAME = AppIcon;
				ASSETCATALOG_COMPILER_GLOBAL_ACCENT_COLOR_NAME = AccentColor;
				CODE_SIGN_STYLE = Automatic;
				CURRENT_PROJECT_VERSION = 1;
				DEVELOPMENT_ASSET_PATHS = "\"iArtistSearch/Preview Content\"";
				ENABLE_PREVIEWS = YES;
				GENERATE_INFOPLIST_FILE = YES;
				INFOPLIST_KEY_UIApplicationSceneManifest_Generation = YES;
				INFOPLIST_KEY_UIApplicationSupportsIndirectInputEvents = YES;
				INFOPLIST_KEY_UILaunchScreen_Generation = YES;
				INFOPLIST_KEY_UISupportedInterfaceOrientations_iPad = "UIInterfaceOrientationPortrait UIInterfaceOrientationPortraitUpsideDown UIInterfaceOrientationLandscapeLeft UIInterfaceOrientationLandscapeRight";
				INFOPLIST_KEY_UISupportedInterfaceOrientations_iPhone = "UIInterfaceOrientationPortrait UIInterfaceOrientationLandscapeLeft UIInterfaceOrientationLandscapeRight";
				LD_RUNPATH_SEARCH_PATHS = (
					"$(inherited)",
					"@executable_path/Frameworks",
				);
				MARKETING_VERSION = 1.0;
				PRODUCT_BUNDLE_IDENTIFIER = com.codepalace.iArtistSearch;
				PRODUCT_NAME = "$(TARGET_NAME)";
				SWIFT_EMIT_LOC_STRINGS = YES;
				SWIFT_VERSION = 5.0;
				TARGETED_DEVICE_FAMILY = "1,2";
			};
			name = Debug;
		};
		7A724661280413AA0043BF6C /* Release */ = {
			isa = XCBuildConfiguration;
			buildSettings = {
				ASSETCATALOG_COMPILER_APPICON_NAME = AppIcon;
				ASSETCATALOG_COMPILER_GLOBAL_ACCENT_COLOR_NAME = AccentColor;
				CODE_SIGN_STYLE = Automatic;
				CURRENT_PROJECT_VERSION = 1;
				DEVELOPMENT_ASSET_PATHS = "\"iArtistSearch/Preview Content\"";
				ENABLE_PREVIEWS = YES;
				GENERATE_INFOPLIST_FILE = YES;
				INFOPLIST_KEY_UIApplicationSceneManifest_Generation = YES;
				INFOPLIST_KEY_UIApplicationSupportsIndirectInputEvents = YES;
				INFOPLIST_KEY_UILaunchScreen_Generation = YES;
				INFOPLIST_KEY_UISupportedInterfaceOrientations_iPad = "UIInterfaceOrientationPortrait UIInterfaceOrientationPortraitUpsideDown UIInterfaceOrientationLandscapeLeft UIInterfaceOrientationLandscapeRight";
				INFOPLIST_KEY_UISupportedInterfaceOrientations_iPhone = "UIInterfaceOrientationPortrait UIInterfaceOrientationLandscapeLeft UIInterfaceOrientationLandscapeRight";
				LD_RUNPATH_SEARCH_PATHS = (
					"$(inherited)",
					"@executable_path/Frameworks",
				);
				MARKETING_VERSION = 1.0;
				PRODUCT_BUNDLE_IDENTIFIER = com.codepalace.iArtistSearch;
				PRODUCT_NAME = "$(TARGET_NAME)";
				SWIFT_EMIT_LOC_STRINGS = YES;
				SWIFT_VERSION = 5.0;
				TARGETED_DEVICE_FAMILY = "1,2";
			};
			name = Release;
		};
		7ACF9F322806AE3F001724D6 /* Debug */ = {
			isa = XCBuildConfiguration;
			buildSettings = {
				BUNDLE_LOADER = "$(TEST_HOST)";
				CODE_SIGN_STYLE = Automatic;
				CURRENT_PROJECT_VERSION = 1;
				GENERATE_INFOPLIST_FILE = YES;
				MARKETING_VERSION = 1.0;
				PRODUCT_BUNDLE_IDENTIFIER = com.codepalace.ProjectTests;
				PRODUCT_NAME = "$(TARGET_NAME)";
				SWIFT_EMIT_LOC_STRINGS = NO;
				SWIFT_VERSION = 5.0;
				TARGETED_DEVICE_FAMILY = "1,2";
				TEST_HOST = "$(BUILT_PRODUCTS_DIR)/iArtistSearch.app/iArtistSearch";
			};
			name = Debug;
		};
		7ACF9F332806AE3F001724D6 /* Release */ = {
			isa = XCBuildConfiguration;
			buildSettings = {
				BUNDLE_LOADER = "$(TEST_HOST)";
				CODE_SIGN_STYLE = Automatic;
				CURRENT_PROJECT_VERSION = 1;
				GENERATE_INFOPLIST_FILE = YES;
				MARKETING_VERSION = 1.0;
				PRODUCT_BUNDLE_IDENTIFIER = com.codepalace.ProjectTests;
				PRODUCT_NAME = "$(TARGET_NAME)";
				SWIFT_EMIT_LOC_STRINGS = NO;
				SWIFT_VERSION = 5.0;
				TARGETED_DEVICE_FAMILY = "1,2";
				TEST_HOST = "$(BUILT_PRODUCTS_DIR)/iArtistSearch.app/iArtistSearch";
			};
			name = Release;
		};
/* End XCBuildConfiguration section */

/* Begin XCConfigurationList section */
		7A72464C280413A80043BF6C /* Build configuration list for PBXProject "iArtistSearch" */ = {
			isa = XCConfigurationList;
			buildConfigurations = (
				7A72465D280413AA0043BF6C /* Debug */,
				7A72465E280413AA0043BF6C /* Release */,
			);
			defaultConfigurationIsVisible = 0;
			defaultConfigurationName = Release;
		};
		7A72465F280413AA0043BF6C /* Build configuration list for PBXNativeTarget "iArtistSearch" */ = {
			isa = XCConfigurationList;
			buildConfigurations = (
				7A724660280413AA0043BF6C /* Debug */,
				7A724661280413AA0043BF6C /* Release */,
			);
			defaultConfigurationIsVisible = 0;
			defaultConfigurationName = Release;
		};
		7ACF9F342806AE3F001724D6 /* Build configuration list for PBXNativeTarget "ProjectTests" */ = {
			isa = XCConfigurationList;
			buildConfigurations = (
				7ACF9F322806AE3F001724D6 /* Debug */,
				7ACF9F332806AE3F001724D6 /* Release */,
			);
			defaultConfigurationIsVisible = 0;
			defaultConfigurationName = Release;
		};
/* End XCConfigurationList section */
	};
	rootObject = 7A724649280413A80043BF6C /* Project object */;
}
